[[package]]
name = "inexactsearch"
version = "1.0.2"
description = "Fuzzy String search algorithm using Soundex for Indian language"
category = "main"
optional = false
python-versions = "*"

[package.dependencies]
silpa_common = ">=0.3"
soundex = ">=1.0"

[[package]]
name = "repoze.lru"
version = "0.7"
description = "A tiny LRU cache implementation and decorator"
category = "main"
optional = false
python-versions = "*"

[package.extras]
docs = ["sphinx"]
testing = ["coverage", "nose"]

[[package]]
name = "silpa-common"
version = "0.3"
description = "Common functions for SILPA and related modules"
category = "main"
optional = false
python-versions = "*"

[package.dependencies]
"repoze.lru" = "*"

[[package]]
name = "soundex"
version = "1.1.3"
description = "Soundex algorith implementation for English and Indian languages"
category = "main"
optional = false
python-versions = "*"

[package.dependencies]
silpa_common = ">=0.3"

[[package]]
name = "spellchecker"
version = "0.4"
description = "Indian Language Spellchecker Library"
category = "main"
optional = false
python-versions = "*"

[package.dependencies]
inexactsearch = "*"

[metadata]
lock-version = "1.1"
python-versions = "^3.8"
content-hash = "18c38d15871ac214f0919913a1547ba4f99dafa636e2c67b56ffc54387ca8940"

[metadata.files]
inexactsearch = [
    {file = "inexactsearch-1.0.2.tar.gz", hash = "sha256:b7df09c46e1ea73996449ceb4df265483e4dc6b61dac2ea4df6f2e5ad8d53b75"},
]
"repoze.lru" = [
    {file = "repoze.lru-0.7-py3-none-any.whl", hash = "sha256:f77bf0e1096ea445beadd35f3479c5cff2aa1efe604a133e67150bc8630a62ea"},
    {file = "repoze.lru-0.7.tar.gz", hash = "sha256:0429a75e19380e4ed50c0694e26ac8819b4ea7851ee1fc7583c8572db80aff77"},
]
silpa-common = [
    {file = "silpa_common-0.3.tar.gz", hash = "sha256:d4a4366193fd606fdcbf6d6e996a57a8bed9ff54ec8e2f798d2b7bc885dde3fd"},
]
soundex = [
    {file = "soundex-1.1.3.tar.gz", hash = "sha256:f837692afab3dc4f0132a36d8e8a8384f6ac8349fffdf5103291c3d1c2d48ad3"},
]
spellchecker = [
    {file = "spellchecker-0.4.tar.gz", hash = "sha256:7ebe5480641d2fa555e4a9d0592e6f6866d095c37c5563e38a349f8ce26358c7"},
]
